// !$*UTF8*$!
{
	archiveVersion = 1;
	classes = {
	};
	objectVersion = 70;
	objects = {

/* Begin PBXBuildFile section */
		EB18AB182CAAF5E8001979EB /* DataManager.swift in Sources */ = {isa = PBXBuildFile; fileRef = EB18AB172CAAF5E8001979EB /* DataManager.swift */; };
		EB18AB352CAAF5F1001979EB /* SettingGameView.swift in Sources */ = {isa = PBXBuildFile; fileRef = EB18AB1B2CAAF5F1001979EB /* SettingGameView.swift */; };
		EB18AB362CAAF5F1001979EB /* XOPickerView.swift in Sources */ = {isa = PBXBuildFile; fileRef = EB18AB1D2CAAF5F1001979EB /* XOPickerView.swift */; };
		EB18AB372CAAF5F1001979EB /* SelectGameView.swift in Sources */ = {isa = PBXBuildFile; fileRef = EB18AB1F2CAAF5F1001979EB /* SelectGameView.swift */; };
		EB18AB382CAAF5F1001979EB /* GreyIconButtonView.swift in Sources */ = {isa = PBXBuildFile; fileRef = EB18AB212CAAF5F1001979EB /* GreyIconButtonView.swift */; };
		EB18AB392CAAF5F1001979EB /* GreyButtonView.swift in Sources */ = {isa = PBXBuildFile; fileRef = EB18AB222CAAF5F1001979EB /* GreyButtonView.swift */; };
		EB18AB3A2CAAF5F1001979EB /* PurpleButtonView.swift in Sources */ = {isa = PBXBuildFile; fileRef = EB18AB252CAAF5F1001979EB /* PurpleButtonView.swift */; };
		EB18AB3B2CAAF5F1001979EB /* OnboardingView.swift in Sources */ = {isa = PBXBuildFile; fileRef = EB18AB262CAAF5F1001979EB /* OnboardingView.swift */; };
		EB18AB3C2CAAF5F1001979EB /* ResultView.swift in Sources */ = {isa = PBXBuildFile; fileRef = EB18AB282CAAF5F1001979EB /* ResultView.swift */; };
		EB18AB3E2CAAF5F1001979EB /* BackButtonView.swift in Sources */ = {isa = PBXBuildFile; fileRef = EB18AB2B2CAAF5F1001979EB /* BackButtonView.swift */; };
		EB18AB3F2CAAF5F1001979EB /* GameView.swift in Sources */ = {isa = PBXBuildFile; fileRef = EB18AB2D2CAAF5F1001979EB /* GameView.swift */; };
		EB18AB402CAAF5F1001979EB /* GameBoardView.swift in Sources */ = {isa = PBXBuildFile; fileRef = EB18AB2F2CAAF5F1001979EB /* GameBoardView.swift */; };
		EB18AB412CAAF5F1001979EB /* PlayerView.swift in Sources */ = {isa = PBXBuildFile; fileRef = EB18AB302CAAF5F1001979EB /* PlayerView.swift */; };
		EB18AB422CAAF5F1001979EB /* RulesView.swift in Sources */ = {isa = PBXBuildFile; fileRef = EB18AB322CAAF5F1001979EB /* RulesView.swift */; };
		EB18AB432CAAF5F1001979EB /* RuleRowView.swift in Sources */ = {isa = PBXBuildFile; fileRef = EB18AB342CAAF5F1001979EB /* RuleRowView.swift */; };
		EBB123C82CAAF20E0024EE91 /* TicTacToeApp.swift in Sources */ = {isa = PBXBuildFile; fileRef = EBB123C72CAAF20E0024EE91 /* TicTacToeApp.swift */; };
		EBB123CC2CAAF2100024EE91 /* Assets.xcassets in Resources */ = {isa = PBXBuildFile; fileRef = EBB123CB2CAAF2100024EE91 /* Assets.xcassets */; };
		EBB123CF2CAAF2100024EE91 /* Preview Assets.xcassets in Resources */ = {isa = PBXBuildFile; fileRef = EBB123CE2CAAF2100024EE91 /* Preview Assets.xcassets */; };
/* End PBXBuildFile section */

/* Begin PBXFileReference section */
		EB18AB172CAAF5E8001979EB /* DataManager.swift */ = {isa = PBXFileReference; fileEncoding = 4; lastKnownFileType = sourcecode.swift; path = DataManager.swift; sourceTree = "<group>"; };
		EB18AB1B2CAAF5F1001979EB /* SettingGameView.swift */ = {isa = PBXFileReference; fileEncoding = 4; lastKnownFileType = sourcecode.swift; path = SettingGameView.swift; sourceTree = "<group>"; };
		EB18AB1D2CAAF5F1001979EB /* XOPickerView.swift */ = {isa = PBXFileReference; fileEncoding = 4; lastKnownFileType = sourcecode.swift; path = XOPickerView.swift; sourceTree = "<group>"; };
		EB18AB1F2CAAF5F1001979EB /* SelectGameView.swift */ = {isa = PBXFileReference; fileEncoding = 4; lastKnownFileType = sourcecode.swift; path = SelectGameView.swift; sourceTree = "<group>"; };
		EB18AB212CAAF5F1001979EB /* GreyIconButtonView.swift */ = {isa = PBXFileReference; fileEncoding = 4; lastKnownFileType = sourcecode.swift; path = GreyIconButtonView.swift; sourceTree = "<group>"; };
		EB18AB222CAAF5F1001979EB /* GreyButtonView.swift */ = {isa = PBXFileReference; fileEncoding = 4; lastKnownFileType = sourcecode.swift; path = GreyButtonView.swift; sourceTree = "<group>"; };
		EB18AB252CAAF5F1001979EB /* PurpleButtonView.swift */ = {isa = PBXFileReference; fileEncoding = 4; lastKnownFileType = sourcecode.swift; path = PurpleButtonView.swift; sourceTree = "<group>"; };
		EB18AB262CAAF5F1001979EB /* OnboardingView.swift */ = {isa = PBXFileReference; fileEncoding = 4; lastKnownFileType = sourcecode.swift; path = OnboardingView.swift; sourceTree = "<group>"; };
		EB18AB282CAAF5F1001979EB /* ResultView.swift */ = {isa = PBXFileReference; fileEncoding = 4; lastKnownFileType = sourcecode.swift; path = ResultView.swift; sourceTree = "<group>"; };
		EB18AB2B2CAAF5F1001979EB /* BackButtonView.swift */ = {isa = PBXFileReference; fileEncoding = 4; lastKnownFileType = sourcecode.swift; path = BackButtonView.swift; sourceTree = "<group>"; };
		EB18AB2D2CAAF5F1001979EB /* GameView.swift */ = {isa = PBXFileReference; fileEncoding = 4; lastKnownFileType = sourcecode.swift; path = GameView.swift; sourceTree = "<group>"; };
		EB18AB2F2CAAF5F1001979EB /* GameBoardView.swift */ = {isa = PBXFileReference; fileEncoding = 4; lastKnownFileType = sourcecode.swift; path = GameBoardView.swift; sourceTree = "<group>"; };
		EB18AB302CAAF5F1001979EB /* PlayerView.swift */ = {isa = PBXFileReference; fileEncoding = 4; lastKnownFileType = sourcecode.swift; path = PlayerView.swift; sourceTree = "<group>"; };
		EB18AB322CAAF5F1001979EB /* RulesView.swift */ = {isa = PBXFileReference; fileEncoding = 4; lastKnownFileType = sourcecode.swift; path = RulesView.swift; sourceTree = "<group>"; };
		EB18AB342CAAF5F1001979EB /* RuleRowView.swift */ = {isa = PBXFileReference; fileEncoding = 4; lastKnownFileType = sourcecode.swift; path = RuleRowView.swift; sourceTree = "<group>"; };
		EBB123C42CAAF20E0024EE91 /* TicTacToe.app */ = {isa = PBXFileReference; explicitFileType = wrapper.application; includeInIndex = 0; path = TicTacToe.app; sourceTree = BUILT_PRODUCTS_DIR; };
		EBB123C72CAAF20E0024EE91 /* TicTacToeApp.swift */ = {isa = PBXFileReference; lastKnownFileType = sourcecode.swift; path = TicTacToeApp.swift; sourceTree = "<group>"; };
		EBB123CB2CAAF2100024EE91 /* Assets.xcassets */ = {isa = PBXFileReference; lastKnownFileType = folder.assetcatalog; path = Assets.xcassets; sourceTree = "<group>"; };
		EBB123CE2CAAF2100024EE91 /* Preview Assets.xcassets */ = {isa = PBXFileReference; lastKnownFileType = folder.assetcatalog; path = "Preview Assets.xcassets"; sourceTree = "<group>"; };
/* End PBXFileReference section */

/* Begin PBXFileSystemSynchronizedRootGroup section */
		41FA410C2CAD942200B0F3D4 /* Leaderboard */ = {isa = PBXFileSystemSynchronizedRootGroup; explicitFileTypes = {}; explicitFolders = (); path = Leaderboard; sourceTree = "<group>"; };
/* End PBXFileSystemSynchronizedRootGroup section */

/* Begin PBXFrameworksBuildPhase section */
		EBB123C12CAAF20E0024EE91 /* Frameworks */ = {
			isa = PBXFrameworksBuildPhase;
			buildActionMask = 2147483647;
			files = (
			);
			runOnlyForDeploymentPostprocessing = 0;
		};
/* End PBXFrameworksBuildPhase section */

/* Begin PBXGroup section */
		EB18AB162CAAF5E8001979EB /* Services */ = {
			isa = PBXGroup;
			children = (
				EB18AB172CAAF5E8001979EB /* DataManager.swift */,
			);
			path = Services;
			sourceTree = "<group>";
		};
		EB18AB192CAAF5F1001979EB /* Views */ = {
			isa = PBXGroup;
			children = (
				EB18AB312CAAF5F1001979EB /* RulesView */,
				41FA410C2CAD942200B0F3D4 /* Leaderboard */,
				EB18AB1A2CAAF5F1001979EB /* SettingGameView */,
				EB18AB1E2CAAF5F1001979EB /* SelectGameView */,
				EB18AB232CAAF5F1001979EB /* OnboardingView */,
				EB18AB272CAAF5F1001979EB /* ResultView */,
				EB18AB2C2CAAF5F1001979EB /* GameView */,
			);
			path = Views;
			sourceTree = "<group>";
		};
		EB18AB1A2CAAF5F1001979EB /* SettingGameView */ = {
			isa = PBXGroup;
			children = (
				EB18AB1B2CAAF5F1001979EB /* SettingGameView.swift */,
				EB18AB1C2CAAF5F1001979EB /* Views */,
			);
			path = SettingGameView;
			sourceTree = "<group>";
		};
		EB18AB1C2CAAF5F1001979EB /* Views */ = {
			isa = PBXGroup;
			children = (
				EB18AB1D2CAAF5F1001979EB /* XOPickerView.swift */,
			);
			path = Views;
			sourceTree = "<group>";
		};
		EB18AB1E2CAAF5F1001979EB /* SelectGameView */ = {
			isa = PBXGroup;
			children = (
				EB18AB1F2CAAF5F1001979EB /* SelectGameView.swift */,
				EB18AB202CAAF5F1001979EB /* Views */,
			);
			path = SelectGameView;
			sourceTree = "<group>";
		};
		EB18AB202CAAF5F1001979EB /* Views */ = {
			isa = PBXGroup;
			children = (
				EB18AB212CAAF5F1001979EB /* GreyIconButtonView.swift */,
				EB18AB222CAAF5F1001979EB /* GreyButtonView.swift */,
			);
			path = Views;
			sourceTree = "<group>";
		};
		EB18AB232CAAF5F1001979EB /* OnboardingView */ = {
			isa = PBXGroup;
			children = (
				EB18AB242CAAF5F1001979EB /* Views */,
				EB18AB262CAAF5F1001979EB /* OnboardingView.swift */,
			);
			path = OnboardingView;
			sourceTree = "<group>";
		};
		EB18AB242CAAF5F1001979EB /* Views */ = {
			isa = PBXGroup;
			children = (
				EB18AB252CAAF5F1001979EB /* PurpleButtonView.swift */,
			);
			path = Views;
			sourceTree = "<group>";
		};
		EB18AB272CAAF5F1001979EB /* ResultView */ = {
			isa = PBXGroup;
			children = (
				EB18AB282CAAF5F1001979EB /* ResultView.swift */,
				EB18AB292CAAF5F1001979EB /* Views */,
			);
			path = ResultView;
			sourceTree = "<group>";
		};
		EB18AB292CAAF5F1001979EB /* Views */ = {
			isa = PBXGroup;
			children = (
				EB18AB2B2CAAF5F1001979EB /* BackButtonView.swift */,
			);
			path = Views;
			sourceTree = "<group>";
		};
		EB18AB2C2CAAF5F1001979EB /* GameView */ = {
			isa = PBXGroup;
			children = (
				EB18AB2D2CAAF5F1001979EB /* GameView.swift */,
				EB18AB2E2CAAF5F1001979EB /* Views */,
			);
			path = GameView;
			sourceTree = "<group>";
		};
		EB18AB2E2CAAF5F1001979EB /* Views */ = {
			isa = PBXGroup;
			children = (
				EB18AB2F2CAAF5F1001979EB /* GameBoardView.swift */,
				EB18AB302CAAF5F1001979EB /* PlayerView.swift */,
			);
			path = Views;
			sourceTree = "<group>";
		};
		EB18AB312CAAF5F1001979EB /* RulesView */ = {
			isa = PBXGroup;
			children = (
				EB18AB322CAAF5F1001979EB /* RulesView.swift */,
				EB18AB332CAAF5F1001979EB /* Views */,
			);
			path = RulesView;
			sourceTree = "<group>";
		};
		EB18AB332CAAF5F1001979EB /* Views */ = {
			isa = PBXGroup;
			children = (
				EB18AB342CAAF5F1001979EB /* RuleRowView.swift */,
			);
			path = Views;
			sourceTree = "<group>";
		};
		EBB123BB2CAAF20E0024EE91 = {
			isa = PBXGroup;
			children = (
				EBB123C62CAAF20E0024EE91 /* TicTacToe */,
				EBB123C52CAAF20E0024EE91 /* Products */,
			);
			sourceTree = "<group>";
		};
		EBB123C52CAAF20E0024EE91 /* Products */ = {
			isa = PBXGroup;
			children = (
				EBB123C42CAAF20E0024EE91 /* TicTacToe.app */,
			);
			name = Products;
			sourceTree = "<group>";
		};
		EBB123C62CAAF20E0024EE91 /* TicTacToe */ = {
			isa = PBXGroup;
			children = (
				EBB123C72CAAF20E0024EE91 /* TicTacToeApp.swift */,
				EB18AB162CAAF5E8001979EB /* Services */,
				EB18AB192CAAF5F1001979EB /* Views */,
				EBB123CB2CAAF2100024EE91 /* Assets.xcassets */,
				EBB123CD2CAAF2100024EE91 /* Preview Content */,
			);
			path = TicTacToe;
			sourceTree = "<group>";
		};
		EBB123CD2CAAF2100024EE91 /* Preview Content */ = {
			isa = PBXGroup;
			children = (
				EBB123CE2CAAF2100024EE91 /* Preview Assets.xcassets */,
			);
			path = "Preview Content";
			sourceTree = "<group>";
		};
/* End PBXGroup section */

/* Begin PBXNativeTarget section */
		EBB123C32CAAF20E0024EE91 /* TicTacToe */ = {
			isa = PBXNativeTarget;
			buildConfigurationList = EBB123D22CAAF2100024EE91 /* Build configuration list for PBXNativeTarget "TicTacToe" */;
			buildPhases = (
				EBB123C02CAAF20E0024EE91 /* Sources */,
				EBB123C12CAAF20E0024EE91 /* Frameworks */,
				EBB123C22CAAF20E0024EE91 /* Resources */,
			);
			buildRules = (
			);
			dependencies = (
			);
			fileSystemSynchronizedGroups = (
				41FA410C2CAD942200B0F3D4 /* Leaderboard */,
			);
			name = TicTacToe;
			productName = TicTacToe;
			productReference = EBB123C42CAAF20E0024EE91 /* TicTacToe.app */;
			productType = "com.apple.product-type.application";
		};
/* End PBXNativeTarget section */

/* Begin PBXProject section */
		EBB123BC2CAAF20E0024EE91 /* Project object */ = {
			isa = PBXProject;
			attributes = {
				BuildIndependentTargetsInParallel = 1;
				LastSwiftUpdateCheck = 1500;
				LastUpgradeCheck = 1500;
				TargetAttributes = {
					EBB123C32CAAF20E0024EE91 = {
						CreatedOnToolsVersion = 15.0.1;
					};
				};
			};
			buildConfigurationList = EBB123BF2CAAF20E0024EE91 /* Build configuration list for PBXProject "TicTacToe" */;
			compatibilityVersion = "Xcode 13.0";
			developmentRegion = en;
			hasScannedForEncodings = 0;
			knownRegions = (
				en,
				Base,
			);
			mainGroup = EBB123BB2CAAF20E0024EE91;
			productRefGroup = EBB123C52CAAF20E0024EE91 /* Products */;
			projectDirPath = "";
			projectRoot = "";
			targets = (
				EBB123C32CAAF20E0024EE91 /* TicTacToe */,
			);
		};
/* End PBXProject section */

/* Begin PBXResourcesBuildPhase section */
		EBB123C22CAAF20E0024EE91 /* Resources */ = {
			isa = PBXResourcesBuildPhase;
			buildActionMask = 2147483647;
			files = (
				EBB123CF2CAAF2100024EE91 /* Preview Assets.xcassets in Resources */,
				EBB123CC2CAAF2100024EE91 /* Assets.xcassets in Resources */,
			);
			runOnlyForDeploymentPostprocessing = 0;
		};
/* End PBXResourcesBuildPhase section */

/* Begin PBXSourcesBuildPhase section */
		EBB123C02CAAF20E0024EE91 /* Sources */ = {
			isa = PBXSourcesBuildPhase;
			buildActionMask = 2147483647;
			files = (
				EB18AB3A2CAAF5F1001979EB /* PurpleButtonView.swift in Sources */,
				EB18AB372CAAF5F1001979EB /* SelectGameView.swift in Sources */,
				EB18AB3E2CAAF5F1001979EB /* BackButtonView.swift in Sources */,
				EB18AB412CAAF5F1001979EB /* PlayerView.swift in Sources */,
				EB18AB3C2CAAF5F1001979EB /* ResultView.swift in Sources */,
				EB18AB3B2CAAF5F1001979EB /* OnboardingView.swift in Sources */,
				EB18AB3F2CAAF5F1001979EB /* GameView.swift in Sources */,
				EB18AB182CAAF5E8001979EB /* DataManager.swift in Sources */,
				EBB123C82CAAF20E0024EE91 /* TicTacToeApp.swift in Sources */,
				EB18AB382CAAF5F1001979EB /* GreyIconButtonView.swift in Sources */,
				EB18AB402CAAF5F1001979EB /* GameBoardView.swift in Sources */,
				EB18AB392CAAF5F1001979EB /* GreyButtonView.swift in Sources */,
				EB18AB352CAAF5F1001979EB /* SettingGameView.swift in Sources */,
				EB18AB422CAAF5F1001979EB /* RulesView.swift in Sources */,
				EB18AB362CAAF5F1001979EB /* XOPickerView.swift in Sources */,
				EB18AB432CAAF5F1001979EB /* RuleRowView.swift in Sources */,
			);
			runOnlyForDeploymentPostprocessing = 0;
		};
/* End PBXSourcesBuildPhase section */

/* Begin XCBuildConfiguration section */
		EBB123D02CAAF2100024EE91 /* Debug */ = {
			isa = XCBuildConfiguration;
			buildSettings = {
				ALWAYS_SEARCH_USER_PATHS = NO;
				ASSETCATALOG_COMPILER_GENERATE_SWIFT_ASSET_SYMBOL_EXTENSIONS = YES;
				CLANG_ANALYZER_NONNULL = YES;
				CLANG_ANALYZER_NUMBER_OBJECT_CONVERSION = YES_AGGRESSIVE;
				CLANG_CXX_LANGUAGE_STANDARD = "gnu++20";
				CLANG_ENABLE_MODULES = YES;
				CLANG_ENABLE_OBJC_ARC = YES;
				CLANG_ENABLE_OBJC_WEAK = YES;
				CLANG_WARN_BLOCK_CAPTURE_AUTORELEASING = YES;
				CLANG_WARN_BOOL_CONVERSION = YES;
				CLANG_WARN_COMMA = YES;
				CLANG_WARN_CONSTANT_CONVERSION = YES;
				CLANG_WARN_DEPRECATED_OBJC_IMPLEMENTATIONS = YES;
				CLANG_WARN_DIRECT_OBJC_ISA_USAGE = YES_ERROR;
				CLANG_WARN_DOCUMENTATION_COMMENTS = YES;
				CLANG_WARN_EMPTY_BODY = YES;
				CLANG_WARN_ENUM_CONVERSION = YES;
				CLANG_WARN_INFINITE_RECURSION = YES;
				CLANG_WARN_INT_CONVERSION = YES;
				CLANG_WARN_NON_LITERAL_NULL_CONVERSION = YES;
				CLANG_WARN_OBJC_IMPLICIT_RETAIN_SELF = YES;
				CLANG_WARN_OBJC_LITERAL_CONVERSION = YES;
				CLANG_WARN_OBJC_ROOT_CLASS = YES_ERROR;
				CLANG_WARN_QUOTED_INCLUDE_IN_FRAMEWORK_HEADER = YES;
				CLANG_WARN_RANGE_LOOP_ANALYSIS = YES;
				CLANG_WARN_STRICT_PROTOTYPES = YES;
				CLANG_WARN_SUSPICIOUS_MOVE = YES;
				CLANG_WARN_UNGUARDED_AVAILABILITY = YES_AGGRESSIVE;
				CLANG_WARN_UNREACHABLE_CODE = YES;
				CLANG_WARN__DUPLICATE_METHOD_MATCH = YES;
				COPY_PHASE_STRIP = NO;
				DEBUG_INFORMATION_FORMAT = dwarf;
				ENABLE_STRICT_OBJC_MSGSEND = YES;
				ENABLE_TESTABILITY = YES;
				ENABLE_USER_SCRIPT_SANDBOXING = YES;
				GCC_C_LANGUAGE_STANDARD = gnu17;
				GCC_DYNAMIC_NO_PIC = NO;
				GCC_NO_COMMON_BLOCKS = YES;
				GCC_OPTIMIZATION_LEVEL = 0;
				GCC_PREPROCESSOR_DEFINITIONS = (
					"DEBUG=1",
					"$(inherited)",
				);
				GCC_WARN_64_TO_32_BIT_CONVERSION = YES;
				GCC_WARN_ABOUT_RETURN_TYPE = YES_ERROR;
				GCC_WARN_UNDECLARED_SELECTOR = YES;
				GCC_WARN_UNINITIALIZED_AUTOS = YES_AGGRESSIVE;
				GCC_WARN_UNUSED_FUNCTION = YES;
				GCC_WARN_UNUSED_VARIABLE = YES;
				IPHONEOS_DEPLOYMENT_TARGET = 15.0;
				LOCALIZATION_PREFERS_STRING_CATALOGS = YES;
				MTL_ENABLE_DEBUG_INFO = INCLUDE_SOURCE;
				MTL_FAST_MATH = YES;
				ONLY_ACTIVE_ARCH = YES;
				SDKROOT = iphoneos;
				SWIFT_ACTIVE_COMPILATION_CONDITIONS = "DEBUG $(inherited)";
				SWIFT_OPTIMIZATION_LEVEL = "-Onone";
			};
			name = Debug;
		};
		EBB123D12CAAF2100024EE91 /* Release */ = {
			isa = XCBuildConfiguration;
			buildSettings = {
				ALWAYS_SEARCH_USER_PATHS = NO;
				ASSETCATALOG_COMPILER_GENERATE_SWIFT_ASSET_SYMBOL_EXTENSIONS = YES;
				CLANG_ANALYZER_NONNULL = YES;
				CLANG_ANALYZER_NUMBER_OBJECT_CONVERSION = YES_AGGRESSIVE;
				CLANG_CXX_LANGUAGE_STANDARD = "gnu++20";
				CLANG_ENABLE_MODULES = YES;
				CLANG_ENABLE_OBJC_ARC = YES;
				CLANG_ENABLE_OBJC_WEAK = YES;
				CLANG_WARN_BLOCK_CAPTURE_AUTORELEASING = YES;
				CLANG_WARN_BOOL_CONVERSION = YES;
				CLANG_WARN_COMMA = YES;
				CLANG_WARN_CONSTANT_CONVERSION = YES;
				CLANG_WARN_DEPRECATED_OBJC_IMPLEMENTATIONS = YES;
				CLANG_WARN_DIRECT_OBJC_ISA_USAGE = YES_ERROR;
				CLANG_WARN_DOCUMENTATION_COMMENTS = YES;
				CLANG_WARN_EMPTY_BODY = YES;
				CLANG_WARN_ENUM_CONVERSION = YES;
				CLANG_WARN_INFINITE_RECURSION = YES;
				CLANG_WARN_INT_CONVERSION = YES;
				CLANG_WARN_NON_LITERAL_NULL_CONVERSION = YES;
				CLANG_WARN_OBJC_IMPLICIT_RETAIN_SELF = YES;
				CLANG_WARN_OBJC_LITERAL_CONVERSION = YES;
				CLANG_WARN_OBJC_ROOT_CLASS = YES_ERROR;
				CLANG_WARN_QUOTED_INCLUDE_IN_FRAMEWORK_HEADER = YES;
				CLANG_WARN_RANGE_LOOP_ANALYSIS = YES;
				CLANG_WARN_STRICT_PROTOTYPES = YES;
				CLANG_WARN_SUSPICIOUS_MOVE = YES;
				CLANG_WARN_UNGUARDED_AVAILABILITY = YES_AGGRESSIVE;
				CLANG_WARN_UNREACHABLE_CODE = YES;
				CLANG_WARN__DUPLICATE_METHOD_MATCH = YES;
				COPY_PHASE_STRIP = NO;
				DEBUG_INFORMATION_FORMAT = "dwarf-with-dsym";
				ENABLE_NS_ASSERTIONS = NO;
				ENABLE_STRICT_OBJC_MSGSEND = YES;
				ENABLE_USER_SCRIPT_SANDBOXING = YES;
				GCC_C_LANGUAGE_STANDARD = gnu17;
				GCC_NO_COMMON_BLOCKS = YES;
				GCC_WARN_64_TO_32_BIT_CONVERSION = YES;
				GCC_WARN_ABOUT_RETURN_TYPE = YES_ERROR;
				GCC_WARN_UNDECLARED_SELECTOR = YES;
				GCC_WARN_UNINITIALIZED_AUTOS = YES_AGGRESSIVE;
				GCC_WARN_UNUSED_FUNCTION = YES;
				GCC_WARN_UNUSED_VARIABLE = YES;
				IPHONEOS_DEPLOYMENT_TARGET = 15.0;
				LOCALIZATION_PREFERS_STRING_CATALOGS = YES;
				MTL_ENABLE_DEBUG_INFO = NO;
				MTL_FAST_MATH = YES;
				SDKROOT = iphoneos;
				SWIFT_COMPILATION_MODE = wholemodule;
				VALIDATE_PRODUCT = YES;
			};
			name = Release;
		};
		EBB123D32CAAF2100024EE91 /* Debug */ = {
			isa = XCBuildConfiguration;
			buildSettings = {
				ASSETCATALOG_COMPILER_APPICON_NAME = AppIcon;
				ASSETCATALOG_COMPILER_GLOBAL_ACCENT_COLOR_NAME = AccentColor;
				CODE_SIGN_STYLE = Automatic;
				CURRENT_PROJECT_VERSION = 1;
				DEVELOPMENT_ASSET_PATHS = "\"TicTacToe/Preview Content\"";
				DEVELOPMENT_TEAM = 3XK355J24V;
				ENABLE_PREVIEWS = YES;
				GENERATE_INFOPLIST_FILE = YES;
				INFOPLIST_KEY_UIApplicationSceneManifest_Generation = YES;
				INFOPLIST_KEY_UIApplicationSupportsIndirectInputEvents = YES;
				INFOPLIST_KEY_UILaunchScreen_Generation = YES;
				INFOPLIST_KEY_UISupportedInterfaceOrientations = UIInterfaceOrientationPortrait;
				INFOPLIST_KEY_UISupportedInterfaceOrientations_iPad = "UIInterfaceOrientationLandscapeLeft UIInterfaceOrientationLandscapeRight UIInterfaceOrientationPortrait UIInterfaceOrientationPortraitUpsideDown";
				IPHONEOS_DEPLOYMENT_TARGET = 15.0;
				LD_RUNPATH_SEARCH_PATHS = (
					"$(inherited)",
					"@executable_path/Frameworks",
				);
				MARKETING_VERSION = 1.0;
				PRODUCT_BUNDLE_IDENTIFIER = gR.TicTacToe;
				PRODUCT_NAME = "$(TARGET_NAME)";
				SUPPORTED_PLATFORMS = "iphoneos iphonesimulator";
				SUPPORTS_MACCATALYST = NO;
				SUPPORTS_MAC_DESIGNED_FOR_IPHONE_IPAD = NO;
				SWIFT_EMIT_LOC_STRINGS = YES;
				SWIFT_VERSION = 5.0;
				TARGETED_DEVICE_FAMILY = 1;
			};
			name = Debug;
		};
		EBB123D42CAAF2100024EE91 /* Release */ = {
			isa = XCBuildConfiguration;
			buildSettings = {
				ASSETCATALOG_COMPILER_APPICON_NAME = AppIcon;
				ASSETCATALOG_COMPILER_GLOBAL_ACCENT_COLOR_NAME = AccentColor;
				CODE_SIGN_STYLE = Automatic;
				CURRENT_PROJECT_VERSION = 1;
				DEVELOPMENT_ASSET_PATHS = "\"TicTacToe/Preview Content\"";
				DEVELOPMENT_TEAM = 3XK355J24V;
				ENABLE_PREVIEWS = YES;
				GENERATE_INFOPLIST_FILE = YES;
				INFOPLIST_KEY_UIApplicationSceneManifest_Generation = YES;
				INFOPLIST_KEY_UIApplicationSupportsIndirectInputEvents = YES;
				INFOPLIST_KEY_UILaunchScreen_Generation = YES;
				INFOPLIST_KEY_UISupportedInterfaceOrientations = UIInterfaceOrientationPortrait;
				INFOPLIST_KEY_UISupportedInterfaceOrientations_iPad = "UIInterfaceOrientationLandscapeLeft UIInterfaceOrientationLandscapeRight UIInterfaceOrientationPortrait UIInterfaceOrientationPortraitUpsideDown";
				IPHONEOS_DEPLOYMENT_TARGET = 15.0;
				LD_RUNPATH_SEARCH_PATHS = (
					"$(inherited)",
					"@executable_path/Frameworks",
				);
				MARKETING_VERSION = 1.0;
				PRODUCT_BUNDLE_IDENTIFIER = gR.TicTacToe;
				PRODUCT_NAME = "$(TARGET_NAME)";
				SUPPORTED_PLATFORMS = "iphoneos iphonesimulator";
				SUPPORTS_MACCATALYST = NO;
				SUPPORTS_MAC_DESIGNED_FOR_IPHONE_IPAD = NO;
				SWIFT_EMIT_LOC_STRINGS = YES;
				SWIFT_VERSION = 5.0;
				TARGETED_DEVICE_FAMILY = 1;
			};
			name = Release;
		};
/* End XCBuildConfiguration section */

/* Begin XCConfigurationList section */
		EBB123BF2CAAF20E0024EE91 /* Build configuration list for PBXProject "TicTacToe" */ = {
			isa = XCConfigurationList;
			buildConfigurations = (
				EBB123D02CAAF2100024EE91 /* Debug */,
				EBB123D12CAAF2100024EE91 /* Release */,
			);
			defaultConfigurationIsVisible = 0;
			defaultConfigurationName = Release;
		};
		EBB123D22CAAF2100024EE91 /* Build configuration list for PBXNativeTarget "TicTacToe" */ = {
			isa = XCConfigurationList;
			buildConfigurations = (
				EBB123D32CAAF2100024EE91 /* Debug */,
				EBB123D42CAAF2100024EE91 /* Release */,
			);
			defaultConfigurationIsVisible = 0;
			defaultConfigurationName = Release;
		};
/* End XCConfigurationList section */
	};
	rootObject = EBB123BC2CAAF20E0024EE91 /* Project object */;
}
